// !$*UTF8*$!
{
	archiveVersion = 1;
	classes = {
	};
	objectVersion = 46;
	objects = {

/* Begin PBXBuildFile section */
		7BB2EACF5ABBB2F49B0DEA92 /* libPods-AQSDictionarySerializationTests.a in Frameworks */ = {isa = PBXBuildFile; fileRef = B9692F409FD02714AB729A93 /* libPods-AQSDictionarySerializationTests.a */; };
		D451E77E1A0B94A600D39316 /* main.m in Sources */ = {isa = PBXBuildFile; fileRef = D451E77D1A0B94A600D39316 /* main.m */; };
		D451E7811A0B94A600D39316 /* AppDelegate.m in Sources */ = {isa = PBXBuildFile; fileRef = D451E7801A0B94A600D39316 /* AppDelegate.m */; };
		D451E7841A0B94A600D39316 /* ViewController.m in Sources */ = {isa = PBXBuildFile; fileRef = D451E7831A0B94A600D39316 /* ViewController.m */; };
		D451E7871A0B94A600D39316 /* Main.storyboard in Resources */ = {isa = PBXBuildFile; fileRef = D451E7851A0B94A600D39316 /* Main.storyboard */; };
		D451E7891A0B94A600D39316 /* Images.xcassets in Resources */ = {isa = PBXBuildFile; fileRef = D451E7881A0B94A600D39316 /* Images.xcassets */; };
		D451E78C1A0B94A600D39316 /* LaunchScreen.xib in Resources */ = {isa = PBXBuildFile; fileRef = D451E78A1A0B94A600D39316 /* LaunchScreen.xib */; };
		D451E7981A0B94A600D39316 /* AQSDictionarySerializationTests.m in Sources */ = {isa = PBXBuildFile; fileRef = D451E7971A0B94A600D39316 /* AQSDictionarySerializationTests.m */; };
		D451E7A41A0B979200D39316 /* AQSDictionarySerializer.m in Sources */ = {isa = PBXBuildFile; fileRef = D451E7A31A0B979200D39316 /* AQSDictionarySerializer.m */; };
		D451E7A81A0B9AFC00D39316 /* NSDictionary+Inverse.m in Sources */ = {isa = PBXBuildFile; fileRef = D451E7A71A0B9AFC00D39316 /* NSDictionary+Inverse.m */; };
		D451E7AA1A0B9DC000D39316 /* NSDictionaryInverseTests.m in Sources */ = {isa = PBXBuildFile; fileRef = D451E7A91A0B9DC000D39316 /* NSDictionaryInverseTests.m */; };
		D451E7AC1A0BA03400D39316 /* AQSDictionarySerializerTests.m in Sources */ = {isa = PBXBuildFile; fileRef = D451E7AB1A0BA03400D39316 /* AQSDictionarySerializerTests.m */; };
/* End PBXBuildFile section */

/* Begin PBXContainerItemProxy section */
		D451E7921A0B94A600D39316 /* PBXContainerItemProxy */ = {
			isa = PBXContainerItemProxy;
			containerPortal = D451E7701A0B94A600D39316 /* Project object */;
			proxyType = 1;
			remoteGlobalIDString = D451E7771A0B94A600D39316;
			remoteInfo = AQSDictionarySerialization;
		};
/* End PBXContainerItemProxy section */

/* Begin PBXFileReference section */
		59AB08C819363D670546BEF8 /* Pods-AQSDictionarySerializationTests.debug.xcconfig */ = {isa = PBXFileReference; includeInIndex = 1; lastKnownFileType = text.xcconfig; name = "Pods-AQSDictionarySerializationTests.debug.xcconfig"; path = "Pods/Target Support Files/Pods-AQSDictionarySerializationTests/Pods-AQSDictionarySerializationTests.debug.xcconfig"; sourceTree = "<group>"; };
		AC5C2E9F739A4F6CA2393308 /* Pods-AQSDictionarySerializationTests.release.xcconfig */ = {isa = PBXFileReference; includeInIndex = 1; lastKnownFileType = text.xcconfig; name = "Pods-AQSDictionarySerializationTests.release.xcconfig"; path = "Pods/Target Support Files/Pods-AQSDictionarySerializationTests/Pods-AQSDictionarySerializationTests.release.xcconfig"; sourceTree = "<group>"; };
		B9692F409FD02714AB729A93 /* libPods-AQSDictionarySerializationTests.a */ = {isa = PBXFileReference; explicitFileType = archive.ar; includeInIndex = 0; path = "libPods-AQSDictionarySerializationTests.a"; sourceTree = BUILT_PRODUCTS_DIR; };
		D451E7781A0B94A600D39316 /* AQSDictionarySerialization.app */ = {isa = PBXFileReference; explicitFileType = wrapper.application; includeInIndex = 0; path = AQSDictionarySerialization.app; sourceTree = BUILT_PRODUCTS_DIR; };
		D451E77C1A0B94A600D39316 /* Info.plist */ = {isa = PBXFileReference; lastKnownFileType = text.plist.xml; path = Info.plist; sourceTree = "<group>"; };
		D451E77D1A0B94A600D39316 /* main.m */ = {isa = PBXFileReference; lastKnownFileType = sourcecode.c.objc; path = main.m; sourceTree = "<group>"; };
		D451E77F1A0B94A600D39316 /* AppDelegate.h */ = {isa = PBXFileReference; lastKnownFileType = sourcecode.c.h; path = AppDelegate.h; sourceTree = "<group>"; };
		D451E7801A0B94A600D39316 /* AppDelegate.m */ = {isa = PBXFileReference; lastKnownFileType = sourcecode.c.objc; path = AppDelegate.m; sourceTree = "<group>"; };
		D451E7821A0B94A600D39316 /* ViewController.h */ = {isa = PBXFileReference; lastKnownFileType = sourcecode.c.h; path = ViewController.h; sourceTree = "<group>"; };
		D451E7831A0B94A600D39316 /* ViewController.m */ = {isa = PBXFileReference; lastKnownFileType = sourcecode.c.objc; path = ViewController.m; sourceTree = "<group>"; };
		D451E7861A0B94A600D39316 /* Base */ = {isa = PBXFileReference; lastKnownFileType = file.storyboard; name = Base; path = Base.lproj/Main.storyboard; sourceTree = "<group>"; };
		D451E7881A0B94A600D39316 /* Images.xcassets */ = {isa = PBXFileReference; lastKnownFileType = folder.assetcatalog; path = Images.xcassets; sourceTree = "<group>"; };
		D451E78B1A0B94A600D39316 /* Base */ = {isa = PBXFileReference; lastKnownFileType = file.xib; name = Base; path = Base.lproj/LaunchScreen.xib; sourceTree = "<group>"; };
		D451E7911A0B94A600D39316 /* AQSDictionarySerializationTests.xctest */ = {isa = PBXFileReference; explicitFileType = wrapper.cfbundle; includeInIndex = 0; path = AQSDictionarySerializationTests.xctest; sourceTree = BUILT_PRODUCTS_DIR; };
		D451E7961A0B94A600D39316 /* Info.plist */ = {isa = PBXFileReference; lastKnownFileType = text.plist.xml; path = Info.plist; sourceTree = "<group>"; };
		D451E7971A0B94A600D39316 /* AQSDictionarySerializationTests.m */ = {isa = PBXFileReference; lastKnownFileType = sourcecode.c.objc; path = AQSDictionarySerializationTests.m; sourceTree = "<group>"; };
		D451E7A21A0B979200D39316 /* AQSDictionarySerializer.h */ = {isa = PBXFileReference; fileEncoding = 4; lastKnownFileType = sourcecode.c.h; path = AQSDictionarySerializer.h; sourceTree = "<group>"; };
		D451E7A31A0B979200D39316 /* AQSDictionarySerializer.m */ = {isa = PBXFileReference; fileEncoding = 4; lastKnownFileType = sourcecode.c.objc; path = AQSDictionarySerializer.m; sourceTree = "<group>"; };
		D451E7A51A0B987400D39316 /* AQSDictionarySerialization.h */ = {isa = PBXFileReference; lastKnownFileType = sourcecode.c.h; path = AQSDictionarySerialization.h; sourceTree = "<group>"; };
		D451E7A61A0B9AFC00D39316 /* NSDictionary+Inverse.h */ = {isa = PBXFileReference; fileEncoding = 4; lastKnownFileType = sourcecode.c.h; path = "NSDictionary+Inverse.h"; sourceTree = "<group>"; };
		D451E7A71A0B9AFC00D39316 /* NSDictionary+Inverse.m */ = {isa = PBXFileReference; fileEncoding = 4; lastKnownFileType = sourcecode.c.objc; path = "NSDictionary+Inverse.m"; sourceTree = "<group>"; };
		D451E7A91A0B9DC000D39316 /* NSDictionaryInverseTests.m */ = {isa = PBXFileReference; fileEncoding = 4; lastKnownFileType = sourcecode.c.objc; path = NSDictionaryInverseTests.m; sourceTree = "<group>"; };
		D451E7AB1A0BA03400D39316 /* AQSDictionarySerializerTests.m */ = {isa = PBXFileReference; fileEncoding = 4; lastKnownFileType = sourcecode.c.objc; path = AQSDictionarySerializerTests.m; sourceTree = "<group>"; };
/* End PBXFileReference section */

/* Begin PBXFrameworksBuildPhase section */
		D451E7751A0B94A600D39316 /* Frameworks */ = {
			isa = PBXFrameworksBuildPhase;
			buildActionMask = 2147483647;
			files = (
			);
			runOnlyForDeploymentPostprocessing = 0;
		};
		D451E78E1A0B94A600D39316 /* Frameworks */ = {
			isa = PBXFrameworksBuildPhase;
			buildActionMask = 2147483647;
			files = (
				7BB2EACF5ABBB2F49B0DEA92 /* libPods-AQSDictionarySerializationTests.a in Frameworks */,
			);
			runOnlyForDeploymentPostprocessing = 0;
		};
/* End PBXFrameworksBuildPhase section */

/* Begin PBXGroup section */
		656DA5AE5D7C513DEF749555 /* Pods */ = {
			isa = PBXGroup;
			children = (
				59AB08C819363D670546BEF8 /* Pods-AQSDictionarySerializationTests.debug.xcconfig */,
				AC5C2E9F739A4F6CA2393308 /* Pods-AQSDictionarySerializationTests.release.xcconfig */,
			);
			name = Pods;
			sourceTree = "<group>";
		};
		A7407C487E7AC6069F925052 /* Frameworks */ = {
			isa = PBXGroup;
			children = (
				B9692F409FD02714AB729A93 /* libPods-AQSDictionarySerializationTests.a */,
			);
			name = Frameworks;
			sourceTree = "<group>";
		};
		D451E76F1A0B94A600D39316 = {
			isa = PBXGroup;
			children = (
				D451E77A1A0B94A600D39316 /* AQSDictionarySerialization */,
				D451E7941A0B94A600D39316 /* AQSDictionarySerializationTests */,
				D451E7791A0B94A600D39316 /* Products */,
				656DA5AE5D7C513DEF749555 /* Pods */,
				A7407C487E7AC6069F925052 /* Frameworks */,
			);
			sourceTree = "<group>";
		};
		D451E7791A0B94A600D39316 /* Products */ = {
			isa = PBXGroup;
			children = (
				D451E7781A0B94A600D39316 /* AQSDictionarySerialization.app */,
				D451E7911A0B94A600D39316 /* AQSDictionarySerializationTests.xctest */,
			);
			name = Products;
			sourceTree = "<group>";
		};
		D451E77A1A0B94A600D39316 /* AQSDictionarySerialization */ = {
			isa = PBXGroup;
			children = (
				D451E7A11A0B94BC00D39316 /* Classes */,
				D451E77F1A0B94A600D39316 /* AppDelegate.h */,
				D451E7801A0B94A600D39316 /* AppDelegate.m */,
				D451E7821A0B94A600D39316 /* ViewController.h */,
				D451E7831A0B94A600D39316 /* ViewController.m */,
				D451E7851A0B94A600D39316 /* Main.storyboard */,
				D451E7881A0B94A600D39316 /* Images.xcassets */,
				D451E78A1A0B94A600D39316 /* LaunchScreen.xib */,
				D451E77B1A0B94A600D39316 /* Supporting Files */,
			);
			path = AQSDictionarySerialization;
			sourceTree = "<group>";
		};
		D451E77B1A0B94A600D39316 /* Supporting Files */ = {
			isa = PBXGroup;
			children = (
				D451E77C1A0B94A600D39316 /* Info.plist */,
				D451E77D1A0B94A600D39316 /* main.m */,
			);
			name = "Supporting Files";
			sourceTree = "<group>";
		};
		D451E7941A0B94A600D39316 /* AQSDictionarySerializationTests */ = {
			isa = PBXGroup;
			children = (
				D451E7971A0B94A600D39316 /* AQSDictionarySerializationTests.m */,
				D451E7AB1A0BA03400D39316 /* AQSDictionarySerializerTests.m */,
				D451E7A91A0B9DC000D39316 /* NSDictionaryInverseTests.m */,
				D451E7951A0B94A600D39316 /* Supporting Files */,
			);
			path = AQSDictionarySerializationTests;
			sourceTree = "<group>";
		};
		D451E7951A0B94A600D39316 /* Supporting Files */ = {
			isa = PBXGroup;
			children = (
				D451E7961A0B94A600D39316 /* Info.plist */,
			);
			name = "Supporting Files";
			sourceTree = "<group>";
		};
		D451E7A11A0B94BC00D39316 /* Classes */ = {
			isa = PBXGroup;
			children = (
				D451E7A21A0B979200D39316 /* AQSDictionarySerializer.h */,
				D451E7A31A0B979200D39316 /* AQSDictionarySerializer.m */,
				D451E7A51A0B987400D39316 /* AQSDictionarySerialization.h */,
				D451E7A61A0B9AFC00D39316 /* NSDictionary+Inverse.h */,
				D451E7A71A0B9AFC00D39316 /* NSDictionary+Inverse.m */,
			);
			path = Classes;
			sourceTree = "<group>";
		};
/* End PBXGroup section */

/* Begin PBXNativeTarget section */
		D451E7771A0B94A600D39316 /* AQSDictionarySerialization */ = {
			isa = PBXNativeTarget;
			buildConfigurationList = D451E79B1A0B94A700D39316 /* Build configuration list for PBXNativeTarget "AQSDictionarySerialization" */;
			buildPhases = (
				D451E7741A0B94A600D39316 /* Sources */,
				D451E7751A0B94A600D39316 /* Frameworks */,
				D451E7761A0B94A600D39316 /* Resources */,
			);
			buildRules = (
			);
			dependencies = (
			);
			name = AQSDictionarySerialization;
			productName = AQSDictionarySerialization;
			productReference = D451E7781A0B94A600D39316 /* AQSDictionarySerialization.app */;
			productType = "com.apple.product-type.application";
		};
		D451E7901A0B94A600D39316 /* AQSDictionarySerializationTests */ = {
			isa = PBXNativeTarget;
			buildConfigurationList = D451E79E1A0B94A700D39316 /* Build configuration list for PBXNativeTarget "AQSDictionarySerializationTests" */;
			buildPhases = (
				15403ACC3ABD15844F7ADE5C /* Check Pods Manifest.lock */,
				D451E78D1A0B94A600D39316 /* Sources */,
				D451E78E1A0B94A600D39316 /* Frameworks */,
				D451E78F1A0B94A600D39316 /* Resources */,
				004BAB289E451BE4EF15C192 /* Copy Pods Resources */,
			);
			buildRules = (
			);
			dependencies = (
				D451E7931A0B94A600D39316 /* PBXTargetDependency */,
			);
			name = AQSDictionarySerializationTests;
			productName = AQSDictionarySerializationTests;
			productReference = D451E7911A0B94A600D39316 /* AQSDictionarySerializationTests.xctest */;
			productType = "com.apple.product-type.bundle.unit-test";
		};
/* End PBXNativeTarget section */

/* Begin PBXProject section */
		D451E7701A0B94A600D39316 /* Project object */ = {
			isa = PBXProject;
			attributes = {
				LastUpgradeCheck = 0610;
				ORGANIZATIONNAME = Aquamarine;
				TargetAttributes = {
					D451E7771A0B94A600D39316 = {
						CreatedOnToolsVersion = 6.1;
					};
					D451E7901A0B94A600D39316 = {
						CreatedOnToolsVersion = 6.1;
						TestTargetID = D451E7771A0B94A600D39316;
					};
				};
			};
			buildConfigurationList = D451E7731A0B94A600D39316 /* Build configuration list for PBXProject "AQSDictionarySerialization" */;
			compatibilityVersion = "Xcode 3.2";
			developmentRegion = English;
			hasScannedForEncodings = 0;
			knownRegions = (
				en,
				Base,
			);
			mainGroup = D451E76F1A0B94A600D39316;
			productRefGroup = D451E7791A0B94A600D39316 /* Products */;
			projectDirPath = "";
			projectRoot = "";
			targets = (
				D451E7771A0B94A600D39316 /* AQSDictionarySerialization */,
				D451E7901A0B94A600D39316 /* AQSDictionarySerializationTests */,
			);
		};
/* End PBXProject section */

/* Begin PBXResourcesBuildPhase section */
		D451E7761A0B94A600D39316 /* Resources */ = {
			isa = PBXResourcesBuildPhase;
			buildActionMask = 2147483647;
			files = (
				D451E7871A0B94A600D39316 /* Main.storyboard in Resources */,
				D451E78C1A0B94A600D39316 /* LaunchScreen.xib in Resources */,
				D451E7891A0B94A600D39316 /* Images.xcassets in Resources */,
			);
			runOnlyForDeploymentPostprocessing = 0;
		};
		D451E78F1A0B94A600D39316 /* Resources */ = {
			isa = PBXResourcesBuildPhase;
			buildActionMask = 2147483647;
			files = (
			);
			runOnlyForDeploymentPostprocessing = 0;
		};
/* End PBXResourcesBuildPhase section */

/* Begin PBXShellScriptBuildPhase section */
		004BAB289E451BE4EF15C192 /* Copy Pods Resources */ = {
			isa = PBXShellScriptBuildPhase;
			buildActionMask = 2147483647;
			files = (
			);
			inputPaths = (
			);
			name = "Copy Pods Resources";
			outputPaths = (
			);
			runOnlyForDeploymentPostprocessing = 0;
			shellPath = /bin/sh;
			shellScript = "\"${SRCROOT}/Pods/Target Support Files/Pods-AQSDictionarySerializationTests/Pods-AQSDictionarySerializationTests-resources.sh\"\n";
			showEnvVarsInLog = 0;
		};
		15403ACC3ABD15844F7ADE5C /* Check Pods Manifest.lock */ = {
			isa = PBXShellScriptBuildPhase;
			buildActionMask = 2147483647;
			files = (
			);
			inputPaths = (
			);
			name = "Check Pods Manifest.lock";
			outputPaths = (
			);
			runOnlyForDeploymentPostprocessing = 0;
			shellPath = /bin/sh;
			shellScript = "diff \"${PODS_ROOT}/../Podfile.lock\" \"${PODS_ROOT}/Manifest.lock\" > /dev/null\nif [[ $? != 0 ]] ; then\n    cat << EOM\nerror: The sandbox is not in sync with the Podfile.lock. Run 'pod install' or update your CocoaPods installation.\nEOM\n    exit 1\nfi\n";
			showEnvVarsInLog = 0;
		};
/* End PBXShellScriptBuildPhase section */

/* Begin PBXSourcesBuildPhase section */
		D451E7741A0B94A600D39316 /* Sources */ = {
			isa = PBXSourcesBuildPhase;
			buildActionMask = 2147483647;
			files = (
				D451E7841A0B94A600D39316 /* ViewController.m in Sources */,
				D451E7A81A0B9AFC00D39316 /* NSDictionary+Inverse.m in Sources */,
				D451E7A41A0B979200D39316 /* AQSDictionarySerializer.m in Sources */,
				D451E7811A0B94A600D39316 /* AppDelegate.m in Sources */,
				D451E77E1A0B94A600D39316 /* main.m in Sources */,
			);
			runOnlyForDeploymentPostprocessing = 0;
		};
		D451E78D1A0B94A600D39316 /* Sources */ = {
			isa = PBXSourcesBuildPhase;
			buildActionMask = 2147483647;
			files = (
				D451E7981A0B94A600D39316 /* AQSDictionarySerializationTests.m in Sources */,
				D451E7AC1A0BA03400D39316 /* AQSDictionarySerializerTests.m in Sources */,
				D451E7AA1A0B9DC000D39316 /* NSDictionaryInverseTests.m in Sources */,
			);
			runOnlyForDeploymentPostprocessing = 0;
		};
/* End PBXSourcesBuildPhase section */

/* Begin PBXTargetDependency section */
		D451E7931A0B94A600D39316 /* PBXTargetDependency */ = {
			isa = PBXTargetDependency;
			target = D451E7771A0B94A600D39316 /* AQSDictionarySerialization */;
			targetProxy = D451E7921A0B94A600D39316 /* PBXContainerItemProxy */;
		};
/* End PBXTargetDependency section */

/* Begin PBXVariantGroup section */
		D451E7851A0B94A600D39316 /* Main.storyboard */ = {
			isa = PBXVariantGroup;
			children = (
				D451E7861A0B94A600D39316 /* Base */,
			);
			name = Main.storyboard;
			sourceTree = "<group>";
		};
		D451E78A1A0B94A600D39316 /* LaunchScreen.xib */ = {
			isa = PBXVariantGroup;
			children = (
				D451E78B1A0B94A600D39316 /* Base */,
			);
			name = LaunchScreen.xib;
			sourceTree = "<group>";
		};
/* End PBXVariantGroup section */

/* Begin XCBuildConfiguration section */
		D451E7991A0B94A600D39316 /* Debug */ = {
			isa = XCBuildConfiguration;
			buildSettings = {
				ALWAYS_SEARCH_USER_PATHS = NO;
				CLANG_CXX_LANGUAGE_STANDARD = "gnu++0x";
				CLANG_CXX_LIBRARY = "libc++";
				CLANG_ENABLE_MODULES = YES;
				CLANG_ENABLE_OBJC_ARC = YES;
				CLANG_WARN_BOOL_CONVERSION = YES;
				CLANG_WARN_CONSTANT_CONVERSION = YES;
				CLANG_WARN_DIRECT_OBJC_ISA_USAGE = YES_ERROR;
				CLANG_WARN_EMPTY_BODY = YES;
				CLANG_WARN_ENUM_CONVERSION = YES;
				CLANG_WARN_INT_CONVERSION = YES;
				CLANG_WARN_OBJC_ROOT_CLASS = YES_ERROR;
				CLANG_WARN_UNREACHABLE_CODE = YES;
				CLANG_WARN__DUPLICATE_METHOD_MATCH = YES;
				"CODE_SIGN_IDENTITY[sdk=iphoneos*]" = "iPhone Developer";
				COPY_PHASE_STRIP = NO;
				ENABLE_STRICT_OBJC_MSGSEND = YES;
				GCC_C_LANGUAGE_STANDARD = gnu99;
				GCC_DYNAMIC_NO_PIC = NO;
				GCC_OPTIMIZATION_LEVEL = 0;
				GCC_PREPROCESSOR_DEFINITIONS = (
					"DEBUG=1",
					"$(inherited)",
				);
				GCC_SYMBOLS_PRIVATE_EXTERN = NO;
				GCC_WARN_64_TO_32_BIT_CONVERSION = YES;
				GCC_WARN_ABOUT_RETURN_TYPE = YES_ERROR;
				GCC_WARN_UNDECLARED_SELECTOR = YES;
				GCC_WARN_UNINITIALIZED_AUTOS = YES_AGGRESSIVE;
				GCC_WARN_UNUSED_FUNCTION = YES;
				GCC_WARN_UNUSED_VARIABLE = YES;
				IPHONEOS_DEPLOYMENT_TARGET = 8.1;
				MTL_ENABLE_DEBUG_INFO = YES;
				ONLY_ACTIVE_ARCH = YES;
				SDKROOT = iphoneos;
			};
			name = Debug;
		};
		D451E79A1A0B94A600D39316 /* Release */ = {
			isa = XCBuildConfiguration;
			buildSettings = {
				ALWAYS_SEARCH_USER_PATHS = NO;
				CLANG_CXX_LANGUAGE_STANDARD = "gnu++0x";
				CLANG_CXX_LIBRARY = "libc++";
				CLANG_ENABLE_MODULES = YES;
				CLANG_ENABLE_OBJC_ARC = YES;
				CLANG_WARN_BOOL_CONVERSION = YES;
				CLANG_WARN_CONSTANT_CONVERSION = YES;
				CLANG_WARN_DIRECT_OBJC_ISA_USAGE = YES_ERROR;
				CLANG_WARN_EMPTY_BODY = YES;
				CLANG_WARN_ENUM_CONVERSION = YES;
				CLANG_WARN_INT_CONVERSION = YES;
				CLANG_WARN_OBJC_ROOT_CLASS = YES_ERROR;
				CLANG_WARN_UNREACHABLE_CODE = YES;
				CLANG_WARN__DUPLICATE_METHOD_MATCH = YES;
				"CODE_SIGN_IDENTITY[sdk=iphoneos*]" = "iPhone Developer";
				COPY_PHASE_STRIP = YES;
				ENABLE_NS_ASSERTIONS = NO;
				ENABLE_STRICT_OBJC_MSGSEND = YES;
				GCC_C_LANGUAGE_STANDARD = gnu99;
				GCC_WARN_64_TO_32_BIT_CONVERSION = YES;
				GCC_WARN_ABOUT_RETURN_TYPE = YES_ERROR;
				GCC_WARN_UNDECLARED_SELECTOR = YES;
				GCC_WARN_UNINITIALIZED_AUTOS = YES_AGGRESSIVE;
				GCC_WARN_UNUSED_FUNCTION = YES;
				GCC_WARN_UNUSED_VARIABLE = YES;
				IPHONEOS_DEPLOYMENT_TARGET = 8.1;
				MTL_ENABLE_DEBUG_INFO = NO;
				SDKROOT = iphoneos;
				VALIDATE_PRODUCT = YES;
			};
			name = Release;
		};
		D451E79C1A0B94A700D39316 /* Debug */ = {
			isa = XCBuildConfiguration;
			buildSettings = {
				ASSETCATALOG_COMPILER_APPICON_NAME = AppIcon;
				INFOPLIST_FILE = AQSDictionarySerialization/Info.plist;
				LD_RUNPATH_SEARCH_PATHS = "$(inherited) @executable_path/Frameworks";
				PRODUCT_NAME = "$(TARGET_NAME)";
			};
			name = Debug;
		};
		D451E79D1A0B94A700D39316 /* Release */ = {
			isa = XCBuildConfiguration;
			buildSettings = {
				ASSETCATALOG_COMPILER_APPICON_NAME = AppIcon;
				INFOPLIST_FILE = AQSDictionarySerialization/Info.plist;
				LD_RUNPATH_SEARCH_PATHS = "$(inherited) @executable_path/Frameworks";
				PRODUCT_NAME = "$(TARGET_NAME)";
			};
			name = Release;
		};
		D451E79F1A0B94A700D39316 /* Debug */ = {
			isa = XCBuildConfiguration;
			baseConfigurationReference = 59AB08C819363D670546BEF8 /* Pods-AQSDictionarySerializationTests.debug.xcconfig */;
			buildSettings = {
				BUNDLE_LOADER = "$(TEST_HOST)";
				FRAMEWORK_SEARCH_PATHS = (
					"$(SDKROOT)/Developer/Library/Frameworks",
					"$(inherited)",
				);
				GCC_PREPROCESSOR_DEFINITIONS = (
					"DEBUG=1",
					"$(inherited)",
				);
				INFOPLIST_FILE = AQSDictionarySerializationTests/Info.plist;
				LD_RUNPATH_SEARCH_PATHS = "$(inherited) @executable_path/Frameworks @loader_path/Frameworks";
				PRODUCT_NAME = "$(TARGET_NAME)";
				TEST_HOST = "$(BUILT_PRODUCTS_DIR)/AQSDictionarySerialization.app/AQSDictionarySerialization";
			};
			name = Debug;
		};
		D451E7A01A0B94A700D39316 /* Release */ = {
			isa = XCBuildConfiguration;
			baseConfigurationReference = AC5C2E9F739A4F6CA2393308 /* Pods-AQSDictionarySerializationTests.release.xcconfig */;
			buildSettings = {
				BUNDLE_LOADER = "$(TEST_HOST)";
				FRAMEWORK_SEARCH_PATHS = (
					"$(SDKROOT)/Developer/Library/Frameworks",
					"$(inherited)",
				);
				INFOPLIST_FILE = AQSDictionarySerializationTests/Info.plist;
				LD_RUNPATH_SEARCH_PATHS = "$(inherited) @executable_path/Frameworks @loader_path/Frameworks";
				PRODUCT_NAME = "$(TARGET_NAME)";
				TEST_HOST = "$(BUILT_PRODUCTS_DIR)/AQSDictionarySerialization.app/AQSDictionarySerialization";
			};
			name = Release;
		};
/* End XCBuildConfiguration section */

/* Begin XCConfigurationList section */
		D451E7731A0B94A600D39316 /* Build configuration list for PBXProject "AQSDictionarySerialization" */ = {
			isa = XCConfigurationList;
			buildConfigurations = (
				D451E7991A0B94A600D39316 /* Debug */,
				D451E79A1A0B94A600D39316 /* Release */,
			);
			defaultConfigurationIsVisible = 0;
			defaultConfigurationName = Release;
		};
		D451E79B1A0B94A700D39316 /* Build configuration list for PBXNativeTarget "AQSDictionarySerialization" */ = {
			isa = XCConfigurationList;
			buildConfigurations = (
				D451E79C1A0B94A700D39316 /* Debug */,
				D451E79D1A0B94A700D39316 /* Release */,
			);
			defaultConfigurationIsVisible = 0;
			defaultConfigurationName = Release;
		};
		D451E79E1A0B94A700D39316 /* Build configuration list for PBXNativeTarget "AQSDictionarySerializationTests" */ = {
			isa = XCConfigurationList;
			buildConfigurations = (
				D451E79F1A0B94A700D39316 /* Debug */,
				D451E7A01A0B94A700D39316 /* Release */,
			);
			defaultConfigurationIsVisible = 0;
			defaultConfigurationName = Release;
		};
/* End XCConfigurationList section */
	};
	rootObject = D451E7701A0B94A600D39316 /* Project object */;
}
